
Microsoft Visual Studio Solution File, Format Version 12.00
# Visual Studio Version 17
VisualStudioVersion = 17.3.32929.385
MinimumVisualStudioVersion = 10.0.40219.1
Project("{9A19103F-16F7-4668-BE54-9A1E7A4F7556}") = "AdventOfCode2022", "AdventOfCode2022\AdventOfCode2022.csproj", "{FAFA6DC0-FE27-4E0A-9E22-85B7569F57F1}"
EndProject
Project("{9A19103F-16F7-4668-BE54-9A1E7A4F7556}") = "Common", "Common\Common.csproj", "{6BAD86BB-A3C5-46A5-AB6F-A7DF57F5656A}"
EndProject
Project("{9A19103F-16F7-4668-BE54-9A1E7A4F7556}") = "Riddle-01", "Riddle-01\Riddle-01.csproj", "{E59AF992-BD05-4350-8049-EC9CEE8F9584}"
EndProject
Project("{9A19103F-16F7-4668-BE54-9A1E7A4F7556}") = "Riddle-02", "Riddle-02\Riddle-02.csproj", "{F841AE88-4AFD-4BF3-AA91-B3F8FA84DB89}"
EndProject
Project("{9A19103F-16F7-4668-BE54-9A1E7A4F7556}") = "Riddle-03", "Riddle-03\Riddle-03.csproj", "{D0B4C644-4478-4D42-A348-5A5C0CD84317}"
EndProject
Project("{FAE04EC0-301F-11D3-BF4B-00C04F79EFBC}") = "Riddle-04", "Riddle-04\Riddle-04.csproj", "{9A02F5B6-CD42-437C-80F1-8AD24097E84F}"
EndProject
Project("{FAE04EC0-301F-11D3-BF4B-00C04F79EFBC}") = "Riddle-05", "Riddle-05\Riddle-05.csproj", "{830C1956-6502-4F8E-A166-2AF8EB61FFCD}"
EndProject
Project("{FAE04EC0-301F-11D3-BF4B-00C04F79EFBC}") = "Riddle-06", "Riddle-06\Riddle-06.csproj", "{FB5C8648-50BE-4CB2-AEC1-3943B4010498}"
EndProject
Project("{FAE04EC0-301F-11D3-BF4B-00C04F79EFBC}") = "Riddle-07", "Riddle-07\Riddle-07.csproj", "{4EDBC52E-C38D-4927-A3F6-0982BBEB4622}"
EndProject
Project("{FAE04EC0-301F-11D3-BF4B-00C04F79EFBC}") = "Riddle-08", "Riddle-08\Riddle-08.csproj", "{A3B7328D-3FBE-4F44-A254-BD1131FDA4BE}"
EndProject
Project("{FAE04EC0-301F-11D3-BF4B-00C04F79EFBC}") = "Riddle-09", "Riddle-09\Riddle-09.csproj", "{04F69513-77D8-4EAA-A953-99B610B1F6FF}"
EndProject
Project("{FAE04EC0-301F-11D3-BF4B-00C04F79EFBC}") = "Riddle-10", "Riddle-10\Riddle-10.csproj", "{235187A6-7258-4857-B0A7-3F269C112B39}"
EndProject
Project("{FAE04EC0-301F-11D3-BF4B-00C04F79EFBC}") = "Riddle-11", "Riddle-11\Riddle-11.csproj", "{E540896C-636C-4B9E-A8C9-1454AF7DCED3}"
EndProject
Project("{FAE04EC0-301F-11D3-BF4B-00C04F79EFBC}") = "Riddle-12", "Riddle-12\Riddle-12.csproj", "{89832819-523D-485A-866C-995029FF4B0A}"
EndProject
Project("{FAE04EC0-301F-11D3-BF4B-00C04F79EFBC}") = "Riddle-13", "Riddle-13\Riddle-13.csproj", "{9A95AD64-6C11-4CD5-B35D-66804799DDE2}"
EndProject
Project("{FAE04EC0-301F-11D3-BF4B-00C04F79EFBC}") = "Riddle-14", "Riddle-14\Riddle-14.csproj", "{FC1C4DCA-DF5F-4F05-9048-F177DE75F142}"
EndProject
Project("{FAE04EC0-301F-11D3-BF4B-00C04F79EFBC}") = "Riddle-15", "Riddle-15\Riddle-15.csproj", "{4B938BB9-C228-4B5C-9F76-41C6659A538B}"
EndProject
Project("{FAE04EC0-301F-11D3-BF4B-00C04F79EFBC}") = "Riddle-16", "Riddle-16\Riddle-16.csproj", "{D287CA06-AD70-42F3-A92A-C68B2181F788}"
EndProject
Project("{FAE04EC0-301F-11D3-BF4B-00C04F79EFBC}") = "Riddle-17", "Riddle-17\Riddle-17.csproj", "{90D84008-2C56-488C-86E7-2323FCA387AC}"
EndProject
Project("{FAE04EC0-301F-11D3-BF4B-00C04F79EFBC}") = "Riddle-18", "Riddle-18\Riddle-18.csproj", "{57AEA256-7616-4098-82A6-97F2F906C63D}"
EndProject
Project("{FAE04EC0-301F-11D3-BF4B-00C04F79EFBC}") = "Riddle-19", "Riddle-19\Riddle-19.csproj", "{3B8FA644-D2E7-4D83-AD1E-0735FAFC3364}"
EndProject
Project("{FAE04EC0-301F-11D3-BF4B-00C04F79EFBC}") = "Riddle-20", "Riddle-20\Riddle-20.csproj", "{866A7FFB-B457-4CCB-9DB7-D39D5C85AC5C}"
EndProject
Project("{FAE04EC0-301F-11D3-BF4B-00C04F79EFBC}") = "Riddle-21", "Riddle-21\Riddle-21.csproj", "{37F4DE98-364C-4A2F-A345-57036FF14B8F}"
EndProject
Project("{FAE04EC0-301F-11D3-BF4B-00C04F79EFBC}") = "Riddle-22", "Riddle-22\Riddle-22.csproj", "{DF49FA0A-586B-4339-A1E0-1EF6CB6FE964}"
EndProject
Project("{FAE04EC0-301F-11D3-BF4B-00C04F79EFBC}") = "Riddle-23", "Riddle-23\Riddle-23.csproj", "{7B3D1410-02E5-4652-B83E-4BD532288790}"
EndProject
Project("{FAE04EC0-301F-11D3-BF4B-00C04F79EFBC}") = "Riddle-24", "Riddle-24\Riddle-24.csproj", "{6BB3CE41-0FC3-490E-BD59-A646588BDA7F}"
EndProject
Global
	GlobalSection(SolutionConfigurationPlatforms) = preSolution
		Debug|Any CPU = Debug|Any CPU
		Release|Any CPU = Release|Any CPU
	EndGlobalSection
	GlobalSection(ProjectConfigurationPlatforms) = postSolution
		{FAFA6DC0-FE27-4E0A-9E22-85B7569F57F1}.Debug|Any CPU.ActiveCfg = Debug|Any CPU
		{FAFA6DC0-FE27-4E0A-9E22-85B7569F57F1}.Debug|Any CPU.Build.0 = Debug|Any CPU
		{FAFA6DC0-FE27-4E0A-9E22-85B7569F57F1}.Release|Any CPU.ActiveCfg = Release|Any CPU
		{FAFA6DC0-FE27-4E0A-9E22-85B7569F57F1}.Release|Any CPU.Build.0 = Release|Any CPU
		{E59AF992-BD05-4350-8049-EC9CEE8F9584}.Debug|Any CPU.ActiveCfg = Debug|Any CPU
		{E59AF992-BD05-4350-8049-EC9CEE8F9584}.Debug|Any CPU.Build.0 = Debug|Any CPU
		{E59AF992-BD05-4350-8049-EC9CEE8F9584}.Release|Any CPU.ActiveCfg = Release|Any CPU
		{E59AF992-BD05-4350-8049-EC9CEE8F9584}.Release|Any CPU.Build.0 = Release|Any CPU
		{6BAD86BB-A3C5-46A5-AB6F-A7DF57F5656A}.Debug|Any CPU.ActiveCfg = Debug|Any CPU
		{6BAD86BB-A3C5-46A5-AB6F-A7DF57F5656A}.Debug|Any CPU.Build.0 = Debug|Any CPU
		{6BAD86BB-A3C5-46A5-AB6F-A7DF57F5656A}.Release|Any CPU.ActiveCfg = Release|Any CPU
		{6BAD86BB-A3C5-46A5-AB6F-A7DF57F5656A}.Release|Any CPU.Build.0 = Release|Any CPU
		{F841AE88-4AFD-4BF3-AA91-B3F8FA84DB89}.Debug|Any CPU.ActiveCfg = Debug|Any CPU
		{F841AE88-4AFD-4BF3-AA91-B3F8FA84DB89}.Debug|Any CPU.Build.0 = Debug|Any CPU
		{F841AE88-4AFD-4BF3-AA91-B3F8FA84DB89}.Release|Any CPU.ActiveCfg = Release|Any CPU
		{F841AE88-4AFD-4BF3-AA91-B3F8FA84DB89}.Release|Any CPU.Build.0 = Release|Any CPU
		{D0B4C644-4478-4D42-A348-5A5C0CD84317}.Debug|Any CPU.ActiveCfg = Debug|Any CPU
		{D0B4C644-4478-4D42-A348-5A5C0CD84317}.Debug|Any CPU.Build.0 = Debug|Any CPU
		{D0B4C644-4478-4D42-A348-5A5C0CD84317}.Release|Any CPU.ActiveCfg = Release|Any CPU
		{D0B4C644-4478-4D42-A348-5A5C0CD84317}.Release|Any CPU.Build.0 = Release|Any CPU
		{9A02F5B6-CD42-437C-80F1-8AD24097E84F}.Debug|Any CPU.ActiveCfg = Debug|Any CPU
		{9A02F5B6-CD42-437C-80F1-8AD24097E84F}.Debug|Any CPU.Build.0 = Debug|Any CPU
		{9A02F5B6-CD42-437C-80F1-8AD24097E84F}.Release|Any CPU.ActiveCfg = Release|Any CPU
		{9A02F5B6-CD42-437C-80F1-8AD24097E84F}.Release|Any CPU.Build.0 = Release|Any CPU
		{830C1956-6502-4F8E-A166-2AF8EB61FFCD}.Debug|Any CPU.ActiveCfg = Debug|Any CPU
		{830C1956-6502-4F8E-A166-2AF8EB61FFCD}.Debug|Any CPU.Build.0 = Debug|Any CPU
		{830C1956-6502-4F8E-A166-2AF8EB61FFCD}.Release|Any CPU.ActiveCfg = Release|Any CPU
		{830C1956-6502-4F8E-A166-2AF8EB61FFCD}.Release|Any CPU.Build.0 = Release|Any CPU
		{FB5C8648-50BE-4CB2-AEC1-3943B4010498}.Debug|Any CPU.ActiveCfg = Debug|Any CPU
		{FB5C8648-50BE-4CB2-AEC1-3943B4010498}.Debug|Any CPU.Build.0 = Debug|Any CPU
		{FB5C8648-50BE-4CB2-AEC1-3943B4010498}.Release|Any CPU.ActiveCfg = Release|Any CPU
		{FB5C8648-50BE-4CB2-AEC1-3943B4010498}.Release|Any CPU.Build.0 = Release|Any CPU
		{4EDBC52E-C38D-4927-A3F6-0982BBEB4622}.Debug|Any CPU.ActiveCfg = Debug|Any CPU
		{4EDBC52E-C38D-4927-A3F6-0982BBEB4622}.Debug|Any CPU.Build.0 = Debug|Any CPU
		{4EDBC52E-C38D-4927-A3F6-0982BBEB4622}.Release|Any CPU.ActiveCfg = Release|Any CPU
		{4EDBC52E-C38D-4927-A3F6-0982BBEB4622}.Release|Any CPU.Build.0 = Release|Any CPU
		{A3B7328D-3FBE-4F44-A254-BD1131FDA4BE}.Debug|Any CPU.ActiveCfg = Debug|Any CPU
		{A3B7328D-3FBE-4F44-A254-BD1131FDA4BE}.Debug|Any CPU.Build.0 = Debug|Any CPU
		{A3B7328D-3FBE-4F44-A254-BD1131FDA4BE}.Release|Any CPU.ActiveCfg = Release|Any CPU
		{A3B7328D-3FBE-4F44-A254-BD1131FDA4BE}.Release|Any CPU.Build.0 = Release|Any CPU
		{04F69513-77D8-4EAA-A953-99B610B1F6FF}.Debug|Any CPU.ActiveCfg = Debug|Any CPU
		{04F69513-77D8-4EAA-A953-99B610B1F6FF}.Debug|Any CPU.Build.0 = Debug|Any CPU
		{04F69513-77D8-4EAA-A953-99B610B1F6FF}.Release|Any CPU.ActiveCfg = Release|Any CPU
		{04F69513-77D8-4EAA-A953-99B610B1F6FF}.Release|Any CPU.Build.0 = Release|Any CPU
		{235187A6-7258-4857-B0A7-3F269C112B39}.Debug|Any CPU.ActiveCfg = Debug|Any CPU
		{235187A6-7258-4857-B0A7-3F269C112B39}.Debug|Any CPU.Build.0 = Debug|Any CPU
		{235187A6-7258-4857-B0A7-3F269C112B39}.Release|Any CPU.ActiveCfg = Release|Any CPU
		{235187A6-7258-4857-B0A7-3F269C112B39}.Release|Any CPU.Build.0 = Release|Any CPU
		{E540896C-636C-4B9E-A8C9-1454AF7DCED3}.Debug|Any CPU.ActiveCfg = Debug|Any CPU
		{E540896C-636C-4B9E-A8C9-1454AF7DCED3}.Debug|Any CPU.Build.0 = Debug|Any CPU
		{E540896C-636C-4B9E-A8C9-1454AF7DCED3}.Release|Any CPU.ActiveCfg = Release|Any CPU
		{E540896C-636C-4B9E-A8C9-1454AF7DCED3}.Release|Any CPU.Build.0 = Release|Any CPU
		{89832819-523D-485A-866C-995029FF4B0A}.Debug|Any CPU.ActiveCfg = Debug|Any CPU
		{89832819-523D-485A-866C-995029FF4B0A}.Debug|Any CPU.Build.0 = Debug|Any CPU
		{89832819-523D-485A-866C-995029FF4B0A}.Release|Any CPU.ActiveCfg = Release|Any CPU
		{89832819-523D-485A-866C-995029FF4B0A}.Release|Any CPU.Build.0 = Release|Any CPU
		{9A95AD64-6C11-4CD5-B35D-66804799DDE2}.Debug|Any CPU.ActiveCfg = Debug|Any CPU
		{9A95AD64-6C11-4CD5-B35D-66804799DDE2}.Debug|Any CPU.Build.0 = Debug|Any CPU
		{9A95AD64-6C11-4CD5-B35D-66804799DDE2}.Release|Any CPU.ActiveCfg = Release|Any CPU
		{9A95AD64-6C11-4CD5-B35D-66804799DDE2}.Release|Any CPU.Build.0 = Release|Any CPU
		{FC1C4DCA-DF5F-4F05-9048-F177DE75F142}.Debug|Any CPU.ActiveCfg = Debug|Any CPU
		{FC1C4DCA-DF5F-4F05-9048-F177DE75F142}.Debug|Any CPU.Build.0 = Debug|Any CPU
		{FC1C4DCA-DF5F-4F05-9048-F177DE75F142}.Release|Any CPU.ActiveCfg = Release|Any CPU
		{FC1C4DCA-DF5F-4F05-9048-F177DE75F142}.Release|Any CPU.Build.0 = Release|Any CPU
		{4B938BB9-C228-4B5C-9F76-41C6659A538B}.Debug|Any CPU.ActiveCfg = Debug|Any CPU
		{4B938BB9-C228-4B5C-9F76-41C6659A538B}.Debug|Any CPU.Build.0 = Debug|Any CPU
		{4B938BB9-C228-4B5C-9F76-41C6659A538B}.Release|Any CPU.ActiveCfg = Release|Any CPU
		{4B938BB9-C228-4B5C-9F76-41C6659A538B}.Release|Any CPU.Build.0 = Release|Any CPU
		{D287CA06-AD70-42F3-A92A-C68B2181F788}.Debug|Any CPU.ActiveCfg = Debug|Any CPU
		{D287CA06-AD70-42F3-A92A-C68B2181F788}.Debug|Any CPU.Build.0 = Debug|Any CPU
		{D287CA06-AD70-42F3-A92A-C68B2181F788}.Release|Any CPU.ActiveCfg = Release|Any CPU
		{D287CA06-AD70-42F3-A92A-C68B2181F788}.Release|Any CPU.Build.0 = Release|Any CPU
		{90D84008-2C56-488C-86E7-2323FCA387AC}.Debug|Any CPU.ActiveCfg = Debug|Any CPU
		{90D84008-2C56-488C-86E7-2323FCA387AC}.Debug|Any CPU.Build.0 = Debug|Any CPU
		{90D84008-2C56-488C-86E7-2323FCA387AC}.Release|Any CPU.ActiveCfg = Release|Any CPU
		{90D84008-2C56-488C-86E7-2323FCA387AC}.Release|Any CPU.Build.0 = Release|Any CPU
		{57AEA256-7616-4098-82A6-97F2F906C63D}.Debug|Any CPU.ActiveCfg = Debug|Any CPU
		{57AEA256-7616-4098-82A6-97F2F906C63D}.Debug|Any CPU.Build.0 = Debug|Any CPU
		{57AEA256-7616-4098-82A6-97F2F906C63D}.Release|Any CPU.ActiveCfg = Release|Any CPU
		{57AEA256-7616-4098-82A6-97F2F906C63D}.Release|Any CPU.Build.0 = Release|Any CPU
		{3B8FA644-D2E7-4D83-AD1E-0735FAFC3364}.Debug|Any CPU.ActiveCfg = Debug|Any CPU
		{3B8FA644-D2E7-4D83-AD1E-0735FAFC3364}.Debug|Any CPU.Build.0 = Debug|Any CPU
		{3B8FA644-D2E7-4D83-AD1E-0735FAFC3364}.Release|Any CPU.ActiveCfg = Release|Any CPU
		{3B8FA644-D2E7-4D83-AD1E-0735FAFC3364}.Release|Any CPU.Build.0 = Release|Any CPU
		{866A7FFB-B457-4CCB-9DB7-D39D5C85AC5C}.Debug|Any CPU.ActiveCfg = Debug|Any CPU
		{866A7FFB-B457-4CCB-9DB7-D39D5C85AC5C}.Debug|Any CPU.Build.0 = Debug|Any CPU
		{866A7FFB-B457-4CCB-9DB7-D39D5C85AC5C}.Release|Any CPU.ActiveCfg = Release|Any CPU
		{866A7FFB-B457-4CCB-9DB7-D39D5C85AC5C}.Release|Any CPU.Build.0 = Release|Any CPU
		{37F4DE98-364C-4A2F-A345-57036FF14B8F}.Debug|Any CPU.ActiveCfg = Debug|Any CPU
		{37F4DE98-364C-4A2F-A345-57036FF14B8F}.Debug|Any CPU.Build.0 = Debug|Any CPU
		{37F4DE98-364C-4A2F-A345-57036FF14B8F}.Release|Any CPU.ActiveCfg = Release|Any CPU
		{37F4DE98-364C-4A2F-A345-57036FF14B8F}.Release|Any CPU.Build.0 = Release|Any CPU
		{DF49FA0A-586B-4339-A1E0-1EF6CB6FE964}.Debug|Any CPU.ActiveCfg = Debug|Any CPU
		{DF49FA0A-586B-4339-A1E0-1EF6CB6FE964}.Debug|Any CPU.Build.0 = Debug|Any CPU
		{DF49FA0A-586B-4339-A1E0-1EF6CB6FE964}.Release|Any CPU.ActiveCfg = Release|Any CPU
		{DF49FA0A-586B-4339-A1E0-1EF6CB6FE964}.Release|Any CPU.Build.0 = Release|Any CPU
		{7B3D1410-02E5-4652-B83E-4BD532288790}.Debug|Any CPU.ActiveCfg = Debug|Any CPU
		{7B3D1410-02E5-4652-B83E-4BD532288790}.Debug|Any CPU.Build.0 = Debug|Any CPU
		{7B3D1410-02E5-4652-B83E-4BD532288790}.Release|Any CPU.ActiveCfg = Release|Any CPU
		{7B3D1410-02E5-4652-B83E-4BD532288790}.Release|Any CPU.Build.0 = Release|Any CPU
		{6BB3CE41-0FC3-490E-BD59-A646588BDA7F}.Debug|Any CPU.ActiveCfg = Debug|Any CPU
		{6BB3CE41-0FC3-490E-BD59-A646588BDA7F}.Debug|Any CPU.Build.0 = Debug|Any CPU
		{6BB3CE41-0FC3-490E-BD59-A646588BDA7F}.Release|Any CPU.ActiveCfg = Release|Any CPU
		{6BB3CE41-0FC3-490E-BD59-A646588BDA7F}.Release|Any CPU.Build.0 = Release|Any CPU
	EndGlobalSection
	GlobalSection(SolutionProperties) = preSolution
		HideSolutionNode = FALSE
	EndGlobalSection
	GlobalSection(ExtensibilityGlobals) = postSolution
		SolutionGuid = {B08040D9-EF66-4DB5-BE94-5677EC6D9330}
	EndGlobalSection
EndGlobal
